
Microsoft Visual Studio Solution File, Format Version 12.00
# Visual Studio 15
VisualStudioVersion = 15.0.27004.2005
MinimumVisualStudioVersion = 10.0.40219.1
Project("{FAE04EC0-301F-11D3-BF4B-00C04F79EFBC}") = "DebitCardNumber", "DebitCardNumber\DebitCardNumber.csproj", "{73A2112D-1A09-455A-AAE2-C50226967E89}"
EndProject
Project("{FAE04EC0-301F-11D3-BF4B-00C04F79EFBC}") = "RectangleArea", "RectangleArea\RectangleArea.csproj", "{D36AE002-4871-4476-A31F-C47E85A727EF}"
EndProject
Project("{FAE04EC0-301F-11D3-BF4B-00C04F79EFBC}") = "MilesToKm", "MilesToKm\MilesToKm.csproj", "{3C6D620F-46A8-4697-8F75-F72A9F4A1DF2}"
EndProject
Project("{FAE04EC0-301F-11D3-BF4B-00C04F79EFBC}") = "BeverageLabels", "BeverageLabels\BeverageLabels.csproj", "{6977E86E-1A86-4252-B951-C0066FF969F6}"
EndProject
Project("{FAE04EC0-301F-11D3-BF4B-00C04F79EFBC}") = "CharacterStats", "CharacterStats\CharacterStats.csproj", "{10C50018-66AB-4E6E-9293-00171AB4913C}"
EndProject
Global
	GlobalSection(SolutionConfigurationPlatforms) = preSolution
		Debug|Any CPU = Debug|Any CPU
		Release|Any CPU = Release|Any CPU
	EndGlobalSection
	GlobalSection(ProjectConfigurationPlatforms) = postSolution
		{73A2112D-1A09-455A-AAE2-C50226967E89}.Debug|Any CPU.ActiveCfg = Debug|Any CPU
		{73A2112D-1A09-455A-AAE2-C50226967E89}.Debug|Any CPU.Build.0 = Debug|Any CPU
		{73A2112D-1A09-455A-AAE2-C50226967E89}.Release|Any CPU.ActiveCfg = Release|Any CPU
		{73A2112D-1A09-455A-AAE2-C50226967E89}.Release|Any CPU.Build.0 = Release|Any CPU
		{D36AE002-4871-4476-A31F-C47E85A727EF}.Debug|Any CPU.ActiveCfg = Debug|Any CPU
		{D36AE002-4871-4476-A31F-C47E85A727EF}.Debug|Any CPU.Build.0 = Debug|Any CPU
		{D36AE002-4871-4476-A31F-C47E85A727EF}.Release|Any CPU.ActiveCfg = Release|Any CPU
		{D36AE002-4871-4476-A31F-C47E85A727EF}.Release|Any CPU.Build.0 = Release|Any CPU
		{3C6D620F-46A8-4697-8F75-F72A9F4A1DF2}.Debug|Any CPU.ActiveCfg = Debug|Any CPU
		{3C6D620F-46A8-4697-8F75-F72A9F4A1DF2}.Debug|Any CPU.Build.0 = Debug|Any CPU
		{3C6D620F-46A8-4697-8F75-F72A9F4A1DF2}.Release|Any CPU.ActiveCfg = Release|Any CPU
		{3C6D620F-46A8-4697-8F75-F72A9F4A1DF2}.Release|Any CPU.Build.0 = Release|Any CPU
		{6977E86E-1A86-4252-B951-C0066FF969F6}.Debug|Any CPU.ActiveCfg = Debug|Any CPU
		{6977E86E-1A86-4252-B951-C0066FF969F6}.Debug|Any CPU.Build.0 = Debug|Any CPU
		{6977E86E-1A86-4252-B951-C0066FF969F6}.Release|Any CPU.ActiveCfg = Release|Any CPU
		{6977E86E-1A86-4252-B951-C0066FF969F6}.Release|Any CPU.Build.0 = Release|Any CPU
		{10C50018-66AB-4E6E-9293-00171AB4913C}.Debug|Any CPU.ActiveCfg = Debug|Any CPU
		{10C50018-66AB-4E6E-9293-00171AB4913C}.Debug|Any CPU.Build.0 = Debug|Any CPU
		{10C50018-66AB-4E6E-9293-00171AB4913C}.Release|Any CPU.ActiveCfg = Release|Any CPU
		{10C50018-66AB-4E6E-9293-00171AB4913C}.Release|Any CPU.Build.0 = Release|Any CPU
	EndGlobalSection
	GlobalSection(SolutionProperties) = preSolution
		HideSolutionNode = FALSE
	EndGlobalSection
	GlobalSection(ExtensibilityGlobals) = postSolution
		SolutionGuid = {9C6E5F3A-7402-4A5F-AE8C-DACBFDB764C8}
	EndGlobalSection
EndGlobal
